// !$*UTF8*$!
{
	archiveVersion = 1;
	classes = {
	};
	objectVersion = 50;
	objects = {

/* Begin PBXBuildFile section */
		A9A9415A210A164C009EEDA0 /* ImageCollectionViewCell.swift in Sources */ = {isa = PBXBuildFile; fileRef = A9A94158210A164C009EEDA0 /* ImageCollectionViewCell.swift */; };
		A9A9415B210A164C009EEDA0 /* ImageCollectionViewCell.xib in Resources */ = {isa = PBXBuildFile; fileRef = A9A94159210A164C009EEDA0 /* ImageCollectionViewCell.xib */; };
		A9A94162210A1DCE009EEDA0 /* Model.xcdatamodeld in Sources */ = {isa = PBXBuildFile; fileRef = A9A94160210A1DCE009EEDA0 /* Model.xcdatamodeld */; };
		A9A94167210A1E38009EEDA0 /* ImageMem+CoreDataClass.swift in Sources */ = {isa = PBXBuildFile; fileRef = A9A94163210A1E38009EEDA0 /* ImageMem+CoreDataClass.swift */; };
		A9A94168210A1E38009EEDA0 /* ImageMem+CoreDataProperties.swift in Sources */ = {isa = PBXBuildFile; fileRef = A9A94164210A1E38009EEDA0 /* ImageMem+CoreDataProperties.swift */; };
		A9A94169210A1E38009EEDA0 /* Mem+CoreDataClass.swift in Sources */ = {isa = PBXBuildFile; fileRef = A9A94165210A1E38009EEDA0 /* Mem+CoreDataClass.swift */; };
		A9A9416A210A1E38009EEDA0 /* Mem+CoreDataProperties.swift in Sources */ = {isa = PBXBuildFile; fileRef = A9A94166210A1E38009EEDA0 /* Mem+CoreDataProperties.swift */; };
		A9C3740221051B7C00A5BE7B /* AppDelegate.swift in Sources */ = {isa = PBXBuildFile; fileRef = A9C3740121051B7C00A5BE7B /* AppDelegate.swift */; };
		A9C3740421051B7C00A5BE7B /* ViewController.swift in Sources */ = {isa = PBXBuildFile; fileRef = A9C3740321051B7C00A5BE7B /* ViewController.swift */; };
		A9C3740721051B7C00A5BE7B /* Main.storyboard in Resources */ = {isa = PBXBuildFile; fileRef = A9C3740521051B7C00A5BE7B /* Main.storyboard */; };
		A9C3740921051B7E00A5BE7B /* Assets.xcassets in Resources */ = {isa = PBXBuildFile; fileRef = A9C3740821051B7E00A5BE7B /* Assets.xcassets */; };
		A9C3740C21051B7E00A5BE7B /* LaunchScreen.storyboard in Resources */ = {isa = PBXBuildFile; fileRef = A9C3740A21051B7E00A5BE7B /* LaunchScreen.storyboard */; };
		A9C3741521051C4B00A5BE7B /* CollectionViewCell.swift in Sources */ = {isa = PBXBuildFile; fileRef = A9C3741321051C4B00A5BE7B /* CollectionViewCell.swift */; };
		A9C3741621051C4B00A5BE7B /* CollectionViewCell.xib in Resources */ = {isa = PBXBuildFile; fileRef = A9C3741421051C4B00A5BE7B /* CollectionViewCell.xib */; };
		A9C3741C2105250F00A5BE7B /* putin.jpg in Resources */ = {isa = PBXBuildFile; fileRef = A9C374182105250F00A5BE7B /* putin.jpg */; };
		A9C3741D2105250F00A5BE7B /* image1.jpg in Resources */ = {isa = PBXBuildFile; fileRef = A9C374192105250F00A5BE7B /* image1.jpg */; };
		A9C3741E2105250F00A5BE7B /* benladon.png in Resources */ = {isa = PBXBuildFile; fileRef = A9C3741A2105250F00A5BE7B /* benladon.png */; };
		A9C3741F2105250F00A5BE7B /* gendalf.jpg in Resources */ = {isa = PBXBuildFile; fileRef = A9C3741B2105250F00A5BE7B /* gendalf.jpg */; };
		A9C37422210533ED00A5BE7B /* CreateMemViewController.swift in Sources */ = {isa = PBXBuildFile; fileRef = A9C37420210533ED00A5BE7B /* CreateMemViewController.swift */; };
		A9C374262105398500A5BE7B /* iconAdd.png in Resources */ = {isa = PBXBuildFile; fileRef = A9C374242105398500A5BE7B /* iconAdd.png */; };
		A9C374272105398500A5BE7B /* iconBack.png in Resources */ = {isa = PBXBuildFile; fileRef = A9C374252105398500A5BE7B /* iconBack.png */; };
		A9C3743E2109C5D200A5BE7B /* CoreDataManager.swift in Sources */ = {isa = PBXBuildFile; fileRef = A9C3743D2109C5D200A5BE7B /* CoreDataManager.swift */; };
/* End PBXBuildFile section */

/* Begin PBXFileReference section */
		A9A94158210A164C009EEDA0 /* ImageCollectionViewCell.swift */ = {isa = PBXFileReference; lastKnownFileType = sourcecode.swift; path = ImageCollectionViewCell.swift; sourceTree = "<group>"; };
		A9A94159210A164C009EEDA0 /* ImageCollectionViewCell.xib */ = {isa = PBXFileReference; lastKnownFileType = file.xib; path = ImageCollectionViewCell.xib; sourceTree = "<group>"; };
		A9A94161210A1DCE009EEDA0 /* Model.xcdatamodel */ = {isa = PBXFileReference; lastKnownFileType = wrapper.xcdatamodel; path = Model.xcdatamodel; sourceTree = "<group>"; };
		A9A94163210A1E38009EEDA0 /* ImageMem+CoreDataClass.swift */ = {isa = PBXFileReference; lastKnownFileType = sourcecode.swift; path = "ImageMem+CoreDataClass.swift"; sourceTree = "<group>"; };
		A9A94164210A1E38009EEDA0 /* ImageMem+CoreDataProperties.swift */ = {isa = PBXFileReference; lastKnownFileType = sourcecode.swift; path = "ImageMem+CoreDataProperties.swift"; sourceTree = "<group>"; };
		A9A94165210A1E38009EEDA0 /* Mem+CoreDataClass.swift */ = {isa = PBXFileReference; lastKnownFileType = sourcecode.swift; path = "Mem+CoreDataClass.swift"; sourceTree = "<group>"; };
		A9A94166210A1E38009EEDA0 /* Mem+CoreDataProperties.swift */ = {isa = PBXFileReference; lastKnownFileType = sourcecode.swift; path = "Mem+CoreDataProperties.swift"; sourceTree = "<group>"; };
		A9C373FE21051B7C00A5BE7B /* memes.app */ = {isa = PBXFileReference; explicitFileType = wrapper.application; includeInIndex = 0; path = memes.app; sourceTree = BUILT_PRODUCTS_DIR; };
		A9C3740121051B7C00A5BE7B /* AppDelegate.swift */ = {isa = PBXFileReference; lastKnownFileType = sourcecode.swift; path = AppDelegate.swift; sourceTree = "<group>"; };
		A9C3740321051B7C00A5BE7B /* ViewController.swift */ = {isa = PBXFileReference; lastKnownFileType = sourcecode.swift; path = ViewController.swift; sourceTree = "<group>"; };
		A9C3740621051B7C00A5BE7B /* Base */ = {isa = PBXFileReference; lastKnownFileType = file.storyboard; name = Base; path = Base.lproj/Main.storyboard; sourceTree = "<group>"; };
		A9C3740821051B7E00A5BE7B /* Assets.xcassets */ = {isa = PBXFileReference; lastKnownFileType = folder.assetcatalog; path = Assets.xcassets; sourceTree = "<group>"; };
		A9C3740B21051B7E00A5BE7B /* Base */ = {isa = PBXFileReference; lastKnownFileType = file.storyboard; name = Base; path = Base.lproj/LaunchScreen.storyboard; sourceTree = "<group>"; };
		A9C3740D21051B7E00A5BE7B /* Info.plist */ = {isa = PBXFileReference; lastKnownFileType = text.plist.xml; path = Info.plist; sourceTree = "<group>"; };
		A9C3741321051C4B00A5BE7B /* CollectionViewCell.swift */ = {isa = PBXFileReference; lastKnownFileType = sourcecode.swift; path = CollectionViewCell.swift; sourceTree = "<group>"; };
		A9C3741421051C4B00A5BE7B /* CollectionViewCell.xib */ = {isa = PBXFileReference; lastKnownFileType = file.xib; path = CollectionViewCell.xib; sourceTree = "<group>"; };
		A9C374182105250F00A5BE7B /* putin.jpg */ = {isa = PBXFileReference; lastKnownFileType = image.jpeg; path = putin.jpg; sourceTree = "<group>"; };
		A9C374192105250F00A5BE7B /* image1.jpg */ = {isa = PBXFileReference; lastKnownFileType = image.jpeg; path = image1.jpg; sourceTree = "<group>"; };
		A9C3741A2105250F00A5BE7B /* benladon.png */ = {isa = PBXFileReference; lastKnownFileType = image.png; path = benladon.png; sourceTree = "<group>"; };
		A9C3741B2105250F00A5BE7B /* gendalf.jpg */ = {isa = PBXFileReference; lastKnownFileType = image.jpeg; path = gendalf.jpg; sourceTree = "<group>"; };
		A9C37420210533ED00A5BE7B /* CreateMemViewController.swift */ = {isa = PBXFileReference; lastKnownFileType = sourcecode.swift; path = CreateMemViewController.swift; sourceTree = "<group>"; };
		A9C374242105398500A5BE7B /* iconAdd.png */ = {isa = PBXFileReference; lastKnownFileType = image.png; path = iconAdd.png; sourceTree = "<group>"; };
		A9C374252105398500A5BE7B /* iconBack.png */ = {isa = PBXFileReference; lastKnownFileType = image.png; path = iconBack.png; sourceTree = "<group>"; };
		A9C3743D2109C5D200A5BE7B /* CoreDataManager.swift */ = {isa = PBXFileReference; lastKnownFileType = sourcecode.swift; path = CoreDataManager.swift; sourceTree = "<group>"; };
/* End PBXFileReference section */

/* Begin PBXFrameworksBuildPhase section */
		A9C373FB21051B7C00A5BE7B /* Frameworks */ = {
			isa = PBXFrameworksBuildPhase;
			buildActionMask = 2147483647;
			files = (
			);
			runOnlyForDeploymentPostprocessing = 0;
		};
/* End PBXFrameworksBuildPhase section */

/* Begin PBXGroup section */
		A9C373F521051B7C00A5BE7B = {
			isa = PBXGroup;
			children = (
				A9A94163210A1E38009EEDA0 /* ImageMem+CoreDataClass.swift */,
				A9A94164210A1E38009EEDA0 /* ImageMem+CoreDataProperties.swift */,
				A9A94165210A1E38009EEDA0 /* Mem+CoreDataClass.swift */,
				A9A94166210A1E38009EEDA0 /* Mem+CoreDataProperties.swift */,
				A9A94160210A1DCE009EEDA0 /* Model.xcdatamodeld */,
				A9C3740021051B7C00A5BE7B /* memes */,
				A9C373FF21051B7C00A5BE7B /* Products */,
			);
			sourceTree = "<group>";
		};
		A9C373FF21051B7C00A5BE7B /* Products */ = {
			isa = PBXGroup;
			children = (
				A9C373FE21051B7C00A5BE7B /* memes.app */,
			);
			name = Products;
			sourceTree = "<group>";
		};
		A9C3740021051B7C00A5BE7B /* memes */ = {
			isa = PBXGroup;
			children = (
				A9C374172105242800A5BE7B /* Pictures */,
				A9C3741321051C4B00A5BE7B /* CollectionViewCell.swift */,
				A9C3741421051C4B00A5BE7B /* CollectionViewCell.xib */,
				A9C3740121051B7C00A5BE7B /* AppDelegate.swift */,
				A9C3740321051B7C00A5BE7B /* ViewController.swift */,
				A9C3740521051B7C00A5BE7B /* Main.storyboard */,
				A9C3740821051B7E00A5BE7B /* Assets.xcassets */,
				A9C3740A21051B7E00A5BE7B /* LaunchScreen.storyboard */,
				A9C3740D21051B7E00A5BE7B /* Info.plist */,
				A9C37420210533ED00A5BE7B /* CreateMemViewController.swift */,
				A9C3743D2109C5D200A5BE7B /* CoreDataManager.swift */,
				A9A94158210A164C009EEDA0 /* ImageCollectionViewCell.swift */,
				A9A94159210A164C009EEDA0 /* ImageCollectionViewCell.xib */,
			);
			path = memes;
			sourceTree = "<group>";
		};
		A9C374172105242800A5BE7B /* Pictures */ = {
			isa = PBXGroup;
			children = (
				A9C374242105398500A5BE7B /* iconAdd.png */,
				A9C374252105398500A5BE7B /* iconBack.png */,
				A9C3741A2105250F00A5BE7B /* benladon.png */,
				A9C3741B2105250F00A5BE7B /* gendalf.jpg */,
				A9C374192105250F00A5BE7B /* image1.jpg */,
				A9C374182105250F00A5BE7B /* putin.jpg */,
			);
			path = Pictures;
			sourceTree = "<group>";
		};
/* End PBXGroup section */

/* Begin PBXNativeTarget section */
		A9C373FD21051B7C00A5BE7B /* memes */ = {
			isa = PBXNativeTarget;
			buildConfigurationList = A9C3741021051B7E00A5BE7B /* Build configuration list for PBXNativeTarget "memes" */;
			buildPhases = (
				A9C373FA21051B7C00A5BE7B /* Sources */,
				A9C373FB21051B7C00A5BE7B /* Frameworks */,
				A9C373FC21051B7C00A5BE7B /* Resources */,
			);
			buildRules = (
			);
			dependencies = (
			);
			name = memes;
			productName = memes;
			productReference = A9C373FE21051B7C00A5BE7B /* memes.app */;
			productType = "com.apple.product-type.application";
		};
/* End PBXNativeTarget section */

/* Begin PBXProject section */
		A9C373F621051B7C00A5BE7B /* Project object */ = {
			isa = PBXProject;
			attributes = {
				LastSwiftUpdateCheck = 0940;
				LastUpgradeCheck = 0940;
				ORGANIZATIONNAME = "Ольга Шишкина";
				TargetAttributes = {
					A9C373FD21051B7C00A5BE7B = {
						CreatedOnToolsVersion = 9.4.1;
					};
				};
			};
			buildConfigurationList = A9C373F921051B7C00A5BE7B /* Build configuration list for PBXProject "memes" */;
			compatibilityVersion = "Xcode 9.3";
			developmentRegion = en;
			hasScannedForEncodings = 0;
			knownRegions = (
				en,
				Base,
			);
			mainGroup = A9C373F521051B7C00A5BE7B;
			productRefGroup = A9C373FF21051B7C00A5BE7B /* Products */;
			projectDirPath = "";
			projectRoot = "";
			targets = (
				A9C373FD21051B7C00A5BE7B /* memes */,
			);
		};
/* End PBXProject section */

/* Begin PBXResourcesBuildPhase section */
		A9C373FC21051B7C00A5BE7B /* Resources */ = {
			isa = PBXResourcesBuildPhase;
			buildActionMask = 2147483647;
			files = (
				A9C3740C21051B7E00A5BE7B /* LaunchScreen.storyboard in Resources */,
				A9C3741E2105250F00A5BE7B /* benladon.png in Resources */,
				A9A9415B210A164C009EEDA0 /* ImageCollectionViewCell.xib in Resources */,
				A9C3740921051B7E00A5BE7B /* Assets.xcassets in Resources */,
				A9C3741F2105250F00A5BE7B /* gendalf.jpg in Resources */,
				A9C374262105398500A5BE7B /* iconAdd.png in Resources */,
				A9C3741621051C4B00A5BE7B /* CollectionViewCell.xib in Resources */,
				A9C3741C2105250F00A5BE7B /* putin.jpg in Resources */,
				A9C3740721051B7C00A5BE7B /* Main.storyboard in Resources */,
				A9C374272105398500A5BE7B /* iconBack.png in Resources */,
				A9C3741D2105250F00A5BE7B /* image1.jpg in Resources */,
			);
			runOnlyForDeploymentPostprocessing = 0;
		};
/* End PBXResourcesBuildPhase section */

/* Begin PBXSourcesBuildPhase section */
		A9C373FA21051B7C00A5BE7B /* Sources */ = {
			isa = PBXSourcesBuildPhase;
			buildActionMask = 2147483647;
			files = (
				A9C3740421051B7C00A5BE7B /* ViewController.swift in Sources */,
				A9C3740221051B7C00A5BE7B /* AppDelegate.swift in Sources */,
				A9A9416A210A1E38009EEDA0 /* Mem+CoreDataProperties.swift in Sources */,
				A9C37422210533ED00A5BE7B /* CreateMemViewController.swift in Sources */,
				A9A94162210A1DCE009EEDA0 /* Model.xcdatamodeld in Sources */,
				A9C3743E2109C5D200A5BE7B /* CoreDataManager.swift in Sources */,
				A9A94167210A1E38009EEDA0 /* ImageMem+CoreDataClass.swift in Sources */,
				A9A94168210A1E38009EEDA0 /* ImageMem+CoreDataProperties.swift in Sources */,
				A9A94169210A1E38009EEDA0 /* Mem+CoreDataClass.swift in Sources */,
				A9A9415A210A164C009EEDA0 /* ImageCollectionViewCell.swift in Sources */,
				A9C3741521051C4B00A5BE7B /* CollectionViewCell.swift in Sources */,
			);
			runOnlyForDeploymentPostprocessing = 0;
		};
/* End PBXSourcesBuildPhase section */

/* Begin PBXVariantGroup section */
		A9C3740521051B7C00A5BE7B /* Main.storyboard */ = {
			isa = PBXVariantGroup;
			children = (
				A9C3740621051B7C00A5BE7B /* Base */,
			);
			name = Main.storyboard;
			sourceTree = "<group>";
		};
		A9C3740A21051B7E00A5BE7B /* LaunchScreen.storyboard */ = {
			isa = PBXVariantGroup;
			children = (
				A9C3740B21051B7E00A5BE7B /* Base */,
			);
			name = LaunchScreen.storyboard;
			sourceTree = "<group>";
		};
/* End PBXVariantGroup section */

/* Begin XCBuildConfiguration section */
		A9C3740E21051B7E00A5BE7B /* Debug */ = {
			isa = XCBuildConfiguration;
			buildSettings = {
				ALWAYS_SEARCH_USER_PATHS = NO;
				CLANG_ANALYZER_NONNULL = YES;
				CLANG_ANALYZER_NUMBER_OBJECT_CONVERSION = YES_AGGRESSIVE;
				CLANG_CXX_LANGUAGE_STANDARD = "gnu++14";
				CLANG_CXX_LIBRARY = "libc++";
				CLANG_ENABLE_MODULES = YES;
				CLANG_ENABLE_OBJC_ARC = YES;
				CLANG_ENABLE_OBJC_WEAK = YES;
				CLANG_WARN_BLOCK_CAPTURE_AUTORELEASING = YES;
				CLANG_WARN_BOOL_CONVERSION = YES;
				CLANG_WARN_COMMA = YES;
				CLANG_WARN_CONSTANT_CONVERSION = YES;
				CLANG_WARN_DEPRECATED_OBJC_IMPLEMENTATIONS = YES;
				CLANG_WARN_DIRECT_OBJC_ISA_USAGE = YES_ERROR;
				CLANG_WARN_DOCUMENTATION_COMMENTS = YES;
				CLANG_WARN_EMPTY_BODY = YES;
				CLANG_WARN_ENUM_CONVERSION = YES;
				CLANG_WARN_INFINITE_RECURSION = YES;
				CLANG_WARN_INT_CONVERSION = YES;
				CLANG_WARN_NON_LITERAL_NULL_CONVERSION = YES;
				CLANG_WARN_OBJC_IMPLICIT_RETAIN_SELF = YES;
				CLANG_WARN_OBJC_LITERAL_CONVERSION = YES;
				CLANG_WARN_OBJC_ROOT_CLASS = YES_ERROR;
				CLANG_WARN_RANGE_LOOP_ANALYSIS = YES;
				CLANG_WARN_STRICT_PROTOTYPES = YES;
				CLANG_WARN_SUSPICIOUS_MOVE = YES;
				CLANG_WARN_UNGUARDED_AVAILABILITY = YES_AGGRESSIVE;
				CLANG_WARN_UNREACHABLE_CODE = YES;
				CLANG_WARN__DUPLICATE_METHOD_MATCH = YES;
				CODE_SIGN_IDENTITY = "iPhone Developer";
				COPY_PHASE_STRIP = NO;
				DEBUG_INFORMATION_FORMAT = dwarf;
				ENABLE_STRICT_OBJC_MSGSEND = YES;
				ENABLE_TESTABILITY = YES;
				GCC_C_LANGUAGE_STANDARD = gnu11;
				GCC_DYNAMIC_NO_PIC = NO;
				GCC_NO_COMMON_BLOCKS = YES;
				GCC_OPTIMIZATION_LEVEL = 0;
				GCC_PREPROCESSOR_DEFINITIONS = (
					"DEBUG=1",
					"$(inherited)",
				);
				GCC_WARN_64_TO_32_BIT_CONVERSION = YES;
				GCC_WARN_ABOUT_RETURN_TYPE = YES_ERROR;
				GCC_WARN_UNDECLARED_SELECTOR = YES;
				GCC_WARN_UNINITIALIZED_AUTOS = YES_AGGRESSIVE;
				GCC_WARN_UNUSED_FUNCTION = YES;
				GCC_WARN_UNUSED_VARIABLE = YES;
				IPHONEOS_DEPLOYMENT_TARGET = 11.4;
				MTL_ENABLE_DEBUG_INFO = YES;
				ONLY_ACTIVE_ARCH = YES;
				SDKROOT = iphoneos;
				SWIFT_ACTIVE_COMPILATION_CONDITIONS = DEBUG;
				SWIFT_OPTIMIZATION_LEVEL = "-Onone";
			};
			name = Debug;
		};
		A9C3740F21051B7E00A5BE7B /* Release */ = {
			isa = XCBuildConfiguration;
			buildSettings = {
				ALWAYS_SEARCH_USER_PATHS = NO;
				CLANG_ANALYZER_NONNULL = YES;
				CLANG_ANALYZER_NUMBER_OBJECT_CONVERSION = YES_AGGRESSIVE;
				CLANG_CXX_LANGUAGE_STANDARD = "gnu++14";
				CLANG_CXX_LIBRARY = "libc++";
				CLANG_ENABLE_MODULES = YES;
				CLANG_ENABLE_OBJC_ARC = YES;
				CLANG_ENABLE_OBJC_WEAK = YES;
				CLANG_WARN_BLOCK_CAPTURE_AUTORELEASING = YES;
				CLANG_WARN_BOOL_CONVERSION = YES;
				CLANG_WARN_COMMA = YES;
				CLANG_WARN_CONSTANT_CONVERSION = YES;
				CLANG_WARN_DEPRECATED_OBJC_IMPLEMENTATIONS = YES;
				CLANG_WARN_DIRECT_OBJC_ISA_USAGE = YES_ERROR;
				CLANG_WARN_DOCUMENTATION_COMMENTS = YES;
				CLANG_WARN_EMPTY_BODY = YES;
				CLANG_WARN_ENUM_CONVERSION = YES;
				CLANG_WARN_INFINITE_RECURSION = YES;
				CLANG_WARN_INT_CONVERSION = YES;
				CLANG_WARN_NON_LITERAL_NULL_CONVERSION = YES;
				CLANG_WARN_OBJC_IMPLICIT_RETAIN_SELF = YES;
				CLANG_WARN_OBJC_LITERAL_CONVERSION = YES;
				CLANG_WARN_OBJC_ROOT_CLASS = YES_ERROR;
				CLANG_WARN_RANGE_LOOP_ANALYSIS = YES;
				CLANG_WARN_STRICT_PROTOTYPES = YES;
				CLANG_WARN_SUSPICIOUS_MOVE = YES;
				CLANG_WARN_UNGUARDED_AVAILABILITY = YES_AGGRESSIVE;
				CLANG_WARN_UNREACHABLE_CODE = YES;
				CLANG_WARN__DUPLICATE_METHOD_MATCH = YES;
				CODE_SIGN_IDENTITY = "iPhone Developer";
				COPY_PHASE_STRIP = NO;
				DEBUG_INFORMATION_FORMAT = "dwarf-with-dsym";
				ENABLE_NS_ASSERTIONS = NO;
				ENABLE_STRICT_OBJC_MSGSEND = YES;
				GCC_C_LANGUAGE_STANDARD = gnu11;
				GCC_NO_COMMON_BLOCKS = YES;
				GCC_WARN_64_TO_32_BIT_CONVERSION = YES;
				GCC_WARN_ABOUT_RETURN_TYPE = YES_ERROR;
				GCC_WARN_UNDECLARED_SELECTOR = YES;
				GCC_WARN_UNINITIALIZED_AUTOS = YES_AGGRESSIVE;
				GCC_WARN_UNUSED_FUNCTION = YES;
				GCC_WARN_UNUSED_VARIABLE = YES;
				IPHONEOS_DEPLOYMENT_TARGET = 11.4;
				MTL_ENABLE_DEBUG_INFO = NO;
				SDKROOT = iphoneos;
				SWIFT_COMPILATION_MODE = wholemodule;
				SWIFT_OPTIMIZATION_LEVEL = "-O";
				VALIDATE_PRODUCT = YES;
			};
			name = Release;
		};
		A9C3741121051B7E00A5BE7B /* Debug */ = {
			isa = XCBuildConfiguration;
			buildSettings = {
				ASSETCATALOG_COMPILER_APPICON_NAME = AppIcon;
				CODE_SIGN_STYLE = Automatic;
				DEVELOPMENT_TEAM = 7C874SS487;
				INFOPLIST_FILE = memes/Info.plist;
				LD_RUNPATH_SEARCH_PATHS = (
					"$(inherited)",
					"@executable_path/Frameworks",
				);
				PRODUCT_BUNDLE_IDENTIFIER = olya757.memes;
				PRODUCT_NAME = "$(TARGET_NAME)";
				SWIFT_VERSION = 4.0;
				TARGETED_DEVICE_FAMILY = "1,2";
			};
			name = Debug;
		};
		A9C3741221051B7E00A5BE7B /* Release */ = {
			isa = XCBuildConfiguration;
			buildSettings = {
				ASSETCATALOG_COMPILER_APPICON_NAME = AppIcon;
				CODE_SIGN_STYLE = Automatic;
				DEVELOPMENT_TEAM = 7C874SS487;
				INFOPLIST_FILE = memes/Info.plist;
				LD_RUNPATH_SEARCH_PATHS = (
					"$(inherited)",
					"@executable_path/Frameworks",
				);
				PRODUCT_BUNDLE_IDENTIFIER = olya757.memes;
				PRODUCT_NAME = "$(TARGET_NAME)";
				SWIFT_VERSION = 4.0;
				TARGETED_DEVICE_FAMILY = "1,2";
			};
			name = Release;
		};
/* End XCBuildConfiguration section */

/* Begin XCConfigurationList section */
		A9C373F921051B7C00A5BE7B /* Build configuration list for PBXProject "memes" */ = {
			isa = XCConfigurationList;
			buildConfigurations = (
				A9C3740E21051B7E00A5BE7B /* Debug */,
				A9C3740F21051B7E00A5BE7B /* Release */,
			);
			defaultConfigurationIsVisible = 0;
			defaultConfigurationName = Release;
		};
		A9C3741021051B7E00A5BE7B /* Build configuration list for PBXNativeTarget "memes" */ = {
			isa = XCConfigurationList;
			buildConfigurations = (
				A9C3741121051B7E00A5BE7B /* Debug */,
				A9C3741221051B7E00A5BE7B /* Release */,
			);
			defaultConfigurationIsVisible = 0;
			defaultConfigurationName = Release;
		};
/* End XCConfigurationList section */

/* Begin XCVersionGroup section */
		A9A94160210A1DCE009EEDA0 /* Model.xcdatamodeld */ = {
			isa = XCVersionGroup;
			children = (
				A9A94161210A1DCE009EEDA0 /* Model.xcdatamodel */,
			);
			currentVersion = A9A94161210A1DCE009EEDA0 /* Model.xcdatamodel */;
			path = Model.xcdatamodeld;
			sourceTree = "<group>";
			versionGroupType = wrapper.xcdatamodel;
		};
/* End XCVersionGroup section */
	};
	rootObject = A9C373F621051B7C00A5BE7B /* Project object */;
}
